// !$*UTF8*$!
{
	archiveVersion = 1;
	classes = {
	};
	objectVersion = 46;
	objects = {

/* Begin PBXBuildFile section */
		013143FF1E58D5340021720D /* Child.storyboard in Resources */ = {isa = PBXBuildFile; fileRef = 013143FD1E58D5340021720D /* Child.storyboard */; };
		013144011E58D5F70021720D /* CareGiver.storyboard in Resources */ = {isa = PBXBuildFile; fileRef = 013144001E58D5F70021720D /* CareGiver.storyboard */; };
		013144041E58D61E0021720D /* Therapist.storyboard in Resources */ = {isa = PBXBuildFile; fileRef = 013144021E58D61E0021720D /* Therapist.storyboard */; };
		013144071E58D7A00021720D /* CareGiverNotesViewController.swift in Sources */ = {isa = PBXBuildFile; fileRef = 013144061E58D7A00021720D /* CareGiverNotesViewController.swift */; };
		016A72F81E58D99D00AF046D /* CareGiverNewNoteViewController.swift in Sources */ = {isa = PBXBuildFile; fileRef = 016A72F71E58D99D00AF046D /* CareGiverNewNoteViewController.swift */; };
		016A72FA1E58DA3900AF046D /* CareGiverNoteViewController.swift in Sources */ = {isa = PBXBuildFile; fileRef = 016A72F91E58DA3900AF046D /* CareGiverNoteViewController.swift */; };
		016A72FC1E58DF4700AF046D /* UIColor+Utilities.swift in Sources */ = {isa = PBXBuildFile; fileRef = 016A72FB1E58DF4700AF046D /* UIColor+Utilities.swift */; };
		018FAE2E1E5820FC0049F5E2 /* Note.swift in Sources */ = {isa = PBXBuildFile; fileRef = 018FAE2D1E5820FC0049F5E2 /* Note.swift */; };
		018FAE301E5848DC0049F5E2 /* JSONKeys.swift in Sources */ = {isa = PBXBuildFile; fileRef = 018FAE2F1E5848DC0049F5E2 /* JSONKeys.swift */; };
		01D461201E581E0E00C25DC4 /* Router.swift in Sources */ = {isa = PBXBuildFile; fileRef = 01D4611F1E581E0E00C25DC4 /* Router.swift */; };
		01D461231E581E6A00C25DC4 /* Provider.swift in Sources */ = {isa = PBXBuildFile; fileRef = 01D461221E581E6A00C25DC4 /* Provider.swift */; };
		01D461261E581EA200C25DC4 /* NoteService.swift in Sources */ = {isa = PBXBuildFile; fileRef = 01D461251E581EA200C25DC4 /* NoteService.swift */; };
		01E33EDD1E5862B700DA2C7D /* NoteTableViewCell.swift in Sources */ = {isa = PBXBuildFile; fileRef = 01E33EDC1E5862B700DA2C7D /* NoteTableViewCell.swift */; };
		01E33EDF1E5862C100DA2C7D /* NoteTableViewCell.xib in Resources */ = {isa = PBXBuildFile; fileRef = 01E33EDE1E5862C100DA2C7D /* NoteTableViewCell.xib */; };
		01E33EE21E58659B00DA2C7D /* UIView+Utilities.swift in Sources */ = {isa = PBXBuildFile; fileRef = 01E33EE11E58659B00DA2C7D /* UIView+Utilities.swift */; };
		093E6DA61E591A8E003F7C2E /* UpdateStatusTVC.swift in Sources */ = {isa = PBXBuildFile; fileRef = 093E6DA51E591A8E003F7C2E /* UpdateStatusTVC.swift */; };
		094355F71E581D5800C252F4 /* AppDelegate.swift in Sources */ = {isa = PBXBuildFile; fileRef = 094355F61E581D5800C252F4 /* AppDelegate.swift */; };
		094355F91E581D5800C252F4 /* UpdateChildStatusView.swift in Sources */ = {isa = PBXBuildFile; fileRef = 094355F81E581D5800C252F4 /* UpdateChildStatusView.swift */; };
		094355FC1E581D5800C252F4 /* Main.storyboard in Resources */ = {isa = PBXBuildFile; fileRef = 094355FA1E581D5800C252F4 /* Main.storyboard */; };
		094355FE1E581D5800C252F4 /* Assets.xcassets in Resources */ = {isa = PBXBuildFile; fileRef = 094355FD1E581D5800C252F4 /* Assets.xcassets */; };
		094356011E581D5800C252F4 /* LaunchScreen.storyboard in Resources */ = {isa = PBXBuildFile; fileRef = 094355FF1E581D5800C252F4 /* LaunchScreen.storyboard */; };
		0943560A1E58264D00C252F4 /* NewNoteViewController.swift in Sources */ = {isa = PBXBuildFile; fileRef = 094356091E58264D00C252F4 /* NewNoteViewController.swift */; };
		0943560D1E582BB400C252F4 /* PhotoHelper.swift in Sources */ = {isa = PBXBuildFile; fileRef = 0943560C1E582BB400C252F4 /* PhotoHelper.swift */; };
		09BE52E41E585A2F00A7C6A6 /* NotesViewController.swift in Sources */ = {isa = PBXBuildFile; fileRef = 09BE52E31E585A2F00A7C6A6 /* NotesViewController.swift */; };
		FC506228A3AC336E1A33225F /* Pods_Autism_Tracker.framework in Frameworks */ = {isa = PBXBuildFile; fileRef = C73195EB3246455E91E3824A /* Pods_Autism_Tracker.framework */; };
/* End PBXBuildFile section */

/* Begin PBXFileReference section */
		013143FE1E58D5340021720D /* Base */ = {isa = PBXFileReference; lastKnownFileType = file.storyboard; name = Base; path = Base.lproj/Child.storyboard; sourceTree = "<group>"; };
		013144001E58D5F70021720D /* CareGiver.storyboard */ = {isa = PBXFileReference; fileEncoding = 4; lastKnownFileType = file.storyboard; path = CareGiver.storyboard; sourceTree = "<group>"; };
		013144031E58D61E0021720D /* Base */ = {isa = PBXFileReference; lastKnownFileType = file.storyboard; name = Base; path = Base.lproj/Therapist.storyboard; sourceTree = "<group>"; };
		013144061E58D7A00021720D /* CareGiverNotesViewController.swift */ = {isa = PBXFileReference; fileEncoding = 4; lastKnownFileType = sourcecode.swift; path = CareGiverNotesViewController.swift; sourceTree = "<group>"; };
		016A72F71E58D99D00AF046D /* CareGiverNewNoteViewController.swift */ = {isa = PBXFileReference; fileEncoding = 4; lastKnownFileType = sourcecode.swift; path = CareGiverNewNoteViewController.swift; sourceTree = "<group>"; };
		016A72F91E58DA3900AF046D /* CareGiverNoteViewController.swift */ = {isa = PBXFileReference; fileEncoding = 4; lastKnownFileType = sourcecode.swift; path = CareGiverNoteViewController.swift; sourceTree = "<group>"; };
		016A72FB1E58DF4700AF046D /* UIColor+Utilities.swift */ = {isa = PBXFileReference; fileEncoding = 4; lastKnownFileType = sourcecode.swift; path = "UIColor+Utilities.swift"; sourceTree = "<group>"; };
		018FAE2D1E5820FC0049F5E2 /* Note.swift */ = {isa = PBXFileReference; fileEncoding = 4; lastKnownFileType = sourcecode.swift; path = Note.swift; sourceTree = "<group>"; };
		018FAE2F1E5848DC0049F5E2 /* JSONKeys.swift */ = {isa = PBXFileReference; fileEncoding = 4; lastKnownFileType = sourcecode.swift; path = JSONKeys.swift; sourceTree = "<group>"; };
		01D4611F1E581E0E00C25DC4 /* Router.swift */ = {isa = PBXFileReference; fileEncoding = 4; lastKnownFileType = sourcecode.swift; path = Router.swift; sourceTree = "<group>"; };
		01D461221E581E6A00C25DC4 /* Provider.swift */ = {isa = PBXFileReference; fileEncoding = 4; lastKnownFileType = sourcecode.swift; path = Provider.swift; sourceTree = "<group>"; };
		01D461251E581EA200C25DC4 /* NoteService.swift */ = {isa = PBXFileReference; fileEncoding = 4; lastKnownFileType = sourcecode.swift; path = NoteService.swift; sourceTree = "<group>"; };
		01E33EDC1E5862B700DA2C7D /* NoteTableViewCell.swift */ = {isa = PBXFileReference; fileEncoding = 4; lastKnownFileType = sourcecode.swift; path = NoteTableViewCell.swift; sourceTree = "<group>"; };
		01E33EDE1E5862C100DA2C7D /* NoteTableViewCell.xib */ = {isa = PBXFileReference; fileEncoding = 4; lastKnownFileType = file.xib; path = NoteTableViewCell.xib; sourceTree = "<group>"; };
		01E33EE11E58659B00DA2C7D /* UIView+Utilities.swift */ = {isa = PBXFileReference; fileEncoding = 4; lastKnownFileType = sourcecode.swift; path = "UIView+Utilities.swift"; sourceTree = "<group>"; };
		093E6DA51E591A8E003F7C2E /* UpdateStatusTVC.swift */ = {isa = PBXFileReference; fileEncoding = 4; lastKnownFileType = sourcecode.swift; path = UpdateStatusTVC.swift; sourceTree = "<group>"; };
		094355F31E581D5800C252F4 /* Autism-Tracker.app */ = {isa = PBXFileReference; explicitFileType = wrapper.application; includeInIndex = 0; path = "Autism-Tracker.app"; sourceTree = BUILT_PRODUCTS_DIR; };
		094355F61E581D5800C252F4 /* AppDelegate.swift */ = {isa = PBXFileReference; lastKnownFileType = sourcecode.swift; path = AppDelegate.swift; sourceTree = "<group>"; };
		094355F81E581D5800C252F4 /* UpdateChildStatusView.swift */ = {isa = PBXFileReference; lastKnownFileType = sourcecode.swift; path = UpdateChildStatusView.swift; sourceTree = "<group>"; };
		094355FB1E581D5800C252F4 /* Base */ = {isa = PBXFileReference; lastKnownFileType = file.storyboard; name = Base; path = Base.lproj/Main.storyboard; sourceTree = "<group>"; };
		094355FD1E581D5800C252F4 /* Assets.xcassets */ = {isa = PBXFileReference; lastKnownFileType = folder.assetcatalog; path = Assets.xcassets; sourceTree = "<group>"; };
		094356001E581D5800C252F4 /* Base */ = {isa = PBXFileReference; lastKnownFileType = file.storyboard; name = Base; path = Base.lproj/LaunchScreen.storyboard; sourceTree = "<group>"; };
		094356021E581D5800C252F4 /* Info.plist */ = {isa = PBXFileReference; lastKnownFileType = text.plist.xml; path = Info.plist; sourceTree = "<group>"; };
		094356091E58264D00C252F4 /* NewNoteViewController.swift */ = {isa = PBXFileReference; fileEncoding = 4; lastKnownFileType = sourcecode.swift; path = NewNoteViewController.swift; sourceTree = "<group>"; };
		0943560C1E582BB400C252F4 /* PhotoHelper.swift */ = {isa = PBXFileReference; fileEncoding = 4; lastKnownFileType = sourcecode.swift; path = PhotoHelper.swift; sourceTree = "<group>"; };
		09BE52E31E585A2F00A7C6A6 /* NotesViewController.swift */ = {isa = PBXFileReference; fileEncoding = 4; lastKnownFileType = sourcecode.swift; path = NotesViewController.swift; sourceTree = "<group>"; };
		4F2586110B3851C22E62261F /* Pods-Autism-Tracker.debug.xcconfig */ = {isa = PBXFileReference; includeInIndex = 1; lastKnownFileType = text.xcconfig; name = "Pods-Autism-Tracker.debug.xcconfig"; path = "Pods/Target Support Files/Pods-Autism-Tracker/Pods-Autism-Tracker.debug.xcconfig"; sourceTree = "<group>"; };
		A3CDC8437534C6C0083A680D /* Pods-Autism-Tracker.release.xcconfig */ = {isa = PBXFileReference; includeInIndex = 1; lastKnownFileType = text.xcconfig; name = "Pods-Autism-Tracker.release.xcconfig"; path = "Pods/Target Support Files/Pods-Autism-Tracker/Pods-Autism-Tracker.release.xcconfig"; sourceTree = "<group>"; };
		C73195EB3246455E91E3824A /* Pods_Autism_Tracker.framework */ = {isa = PBXFileReference; explicitFileType = wrapper.framework; includeInIndex = 0; path = Pods_Autism_Tracker.framework; sourceTree = BUILT_PRODUCTS_DIR; };
/* End PBXFileReference section */

/* Begin PBXFrameworksBuildPhase section */
		094355F01E581D5800C252F4 /* Frameworks */ = {
			isa = PBXFrameworksBuildPhase;
			buildActionMask = 2147483647;
			files = (
				FC506228A3AC336E1A33225F /* Pods_Autism_Tracker.framework in Frameworks */,
			);
			runOnlyForDeploymentPostprocessing = 0;
		};
/* End PBXFrameworksBuildPhase section */

/* Begin PBXGroup section */
		013144051E58D78B0021720D /* CareGiver */ = {
			isa = PBXGroup;
			children = (
				013144061E58D7A00021720D /* CareGiverNotesViewController.swift */,
				016A72F71E58D99D00AF046D /* CareGiverNewNoteViewController.swift */,
				016A72F91E58DA3900AF046D /* CareGiverNoteViewController.swift */,
			);
			name = CareGiver;
			sourceTree = "<group>";
		};
		01D4611E1E581E0500C25DC4 /* Networking */ = {
			isa = PBXGroup;
			children = (
				01D4611F1E581E0E00C25DC4 /* Router.swift */,
				01D461221E581E6A00C25DC4 /* Provider.swift */,
				018FAE2F1E5848DC0049F5E2 /* JSONKeys.swift */,
			);
			name = Networking;
			sourceTree = "<group>";
		};
		01D461211E581E5D00C25DC4 /* Models */ = {
			isa = PBXGroup;
			children = (
				018FAE2D1E5820FC0049F5E2 /* Note.swift */,
			);
			name = Models;
			sourceTree = "<group>";
		};
		01D461241E581E9700C25DC4 /* Services */ = {
			isa = PBXGroup;
			children = (
				01D461251E581EA200C25DC4 /* NoteService.swift */,
			);
			name = Services;
			sourceTree = "<group>";
		};
		01E33EDA1E58615B00DA2C7D /* Views */ = {
			isa = PBXGroup;
			children = (
				01E33EDC1E5862B700DA2C7D /* NoteTableViewCell.swift */,
				01E33EDE1E5862C100DA2C7D /* NoteTableViewCell.xib */,
			);
			name = Views;
			sourceTree = "<group>";
		};
		01E33EDB1E58616400DA2C7D /* Helpers */ = {
			isa = PBXGroup;
			children = (
				0943560C1E582BB400C252F4 /* PhotoHelper.swift */,
			);
			name = Helpers;
			sourceTree = "<group>";
		};
		01E33EE01E58653100DA2C7D /* Extensions */ = {
			isa = PBXGroup;
			children = (
				016A72FB1E58DF4700AF046D /* UIColor+Utilities.swift */,
				01E33EE11E58659B00DA2C7D /* UIView+Utilities.swift */,
			);
			name = Extensions;
			sourceTree = "<group>";
		};
		094355EA1E581D5800C252F4 = {
			isa = PBXGroup;
			children = (
				094355F51E581D5800C252F4 /* Autism-Tracker */,
				094355F41E581D5800C252F4 /* Products */,
				553581135CE1D847EE83EA41 /* Pods */,
				91E70BA5719E9CA831A118F1 /* Frameworks */,
			);
			sourceTree = "<group>";
		};
		094355F41E581D5800C252F4 /* Products */ = {
			isa = PBXGroup;
			children = (
				094355F31E581D5800C252F4 /* Autism-Tracker.app */,
			);
			name = Products;
			sourceTree = "<group>";
		};
		094355F51E581D5800C252F4 /* Autism-Tracker */ = {
			isa = PBXGroup;
			children = (
				01D4611E1E581E0500C25DC4 /* Networking */,
				01D461241E581E9700C25DC4 /* Services */,
				01D461211E581E5D00C25DC4 /* Models */,
				01E33EDA1E58615B00DA2C7D /* Views */,
				094356081E58261700C252F4 /* Controllers */,
				01E33EDB1E58616400DA2C7D /* Helpers */,
				01E33EE01E58653100DA2C7D /* Extensions */,
				094355F61E581D5800C252F4 /* AppDelegate.swift */,
				094355FA1E581D5800C252F4 /* Main.storyboard */,
				013143FD1E58D5340021720D /* Child.storyboard */,
				013144001E58D5F70021720D /* CareGiver.storyboard */,
				013144021E58D61E0021720D /* Therapist.storyboard */,
				094355FD1E581D5800C252F4 /* Assets.xcassets */,
				094355FF1E581D5800C252F4 /* LaunchScreen.storyboard */,
				094356021E581D5800C252F4 /* Info.plist */,
			);
			path = "Autism-Tracker";
			sourceTree = "<group>";
		};
		094356081E58261700C252F4 /* Controllers */ = {
			isa = PBXGroup;
			children = (
				013144051E58D78B0021720D /* CareGiver */,
				094355F81E581D5800C252F4 /* UpdateChildStatusView.swift */,
				094356091E58264D00C252F4 /* NewNoteViewController.swift */,
				09BE52E31E585A2F00A7C6A6 /* NotesViewController.swift */,
				093E6DA51E591A8E003F7C2E /* UpdateStatusTVC.swift */,
			);
			name = Controllers;
			sourceTree = "<group>";
		};
		553581135CE1D847EE83EA41 /* Pods */ = {
			isa = PBXGroup;
			children = (
				4F2586110B3851C22E62261F /* Pods-Autism-Tracker.debug.xcconfig */,
				A3CDC8437534C6C0083A680D /* Pods-Autism-Tracker.release.xcconfig */,
			);
			name = Pods;
			sourceTree = "<group>";
		};
		91E70BA5719E9CA831A118F1 /* Frameworks */ = {
			isa = PBXGroup;
			children = (
				C73195EB3246455E91E3824A /* Pods_Autism_Tracker.framework */,
			);
			name = Frameworks;
			sourceTree = "<group>";
		};
/* End PBXGroup section */

/* Begin PBXNativeTarget section */
		094355F21E581D5800C252F4 /* Autism-Tracker */ = {
			isa = PBXNativeTarget;
			buildConfigurationList = 094356051E581D5800C252F4 /* Build configuration list for PBXNativeTarget "Autism-Tracker" */;
			buildPhases = (
				32EB115C1A6228539CDF57D9 /* [CP] Check Pods Manifest.lock */,
				094355EF1E581D5800C252F4 /* Sources */,
				094355F01E581D5800C252F4 /* Frameworks */,
				094355F11E581D5800C252F4 /* Resources */,
				586F7DAB75C83BC5D0D62A85 /* [CP] Embed Pods Frameworks */,
				E4CD7E84D91F89595AB67A84 /* [CP] Copy Pods Resources */,
			);
			buildRules = (
			);
			dependencies = (
			);
			name = "Autism-Tracker";
			productName = "Autism-Tracker";
			productReference = 094355F31E581D5800C252F4 /* Autism-Tracker.app */;
			productType = "com.apple.product-type.application";
		};
/* End PBXNativeTarget section */

/* Begin PBXProject section */
		094355EB1E581D5800C252F4 /* Project object */ = {
			isa = PBXProject;
			attributes = {
				LastSwiftUpdateCheck = 0820;
				LastUpgradeCheck = 0820;
				ORGANIZATIONNAME = Tawpy;
				TargetAttributes = {
					094355F21E581D5800C252F4 = {
						CreatedOnToolsVersion = 8.2.1;
						DevelopmentTeam = 44VHEK9HHH;
						ProvisioningStyle = Automatic;
					};
				};
			};
			buildConfigurationList = 094355EE1E581D5800C252F4 /* Build configuration list for PBXProject "Autism-Tracker" */;
			compatibilityVersion = "Xcode 3.2";
			developmentRegion = English;
			hasScannedForEncodings = 0;
			knownRegions = (
				en,
				Base,
			);
			mainGroup = 094355EA1E581D5800C252F4;
			productRefGroup = 094355F41E581D5800C252F4 /* Products */;
			projectDirPath = "";
			projectRoot = "";
			targets = (
				094355F21E581D5800C252F4 /* Autism-Tracker */,
			);
		};
/* End PBXProject section */

/* Begin PBXResourcesBuildPhase section */
		094355F11E581D5800C252F4 /* Resources */ = {
			isa = PBXResourcesBuildPhase;
			buildActionMask = 2147483647;
			files = (
				013144041E58D61E0021720D /* Therapist.storyboard in Resources */,
				01E33EDF1E5862C100DA2C7D /* NoteTableViewCell.xib in Resources */,
				013144011E58D5F70021720D /* CareGiver.storyboard in Resources */,
				013143FF1E58D5340021720D /* Child.storyboard in Resources */,
				094356011E581D5800C252F4 /* LaunchScreen.storyboard in Resources */,
				094355FE1E581D5800C252F4 /* Assets.xcassets in Resources */,
				094355FC1E581D5800C252F4 /* Main.storyboard in Resources */,
			);
			runOnlyForDeploymentPostprocessing = 0;
		};
/* End PBXResourcesBuildPhase section */

/* Begin PBXShellScriptBuildPhase section */
		32EB115C1A6228539CDF57D9 /* [CP] Check Pods Manifest.lock */ = {
			isa = PBXShellScriptBuildPhase;
			buildActionMask = 2147483647;
			files = (
			);
			inputPaths = (
			);
			name = "[CP] Check Pods Manifest.lock";
			outputPaths = (
			);
			runOnlyForDeploymentPostprocessing = 0;
			shellPath = /bin/sh;
			shellScript = "diff \"${PODS_ROOT}/../Podfile.lock\" \"${PODS_ROOT}/Manifest.lock\" > /dev/null\nif [ $? != 0 ] ; then\n    # print error to STDERR\n    echo \"error: The sandbox is not in sync with the Podfile.lock. Run 'pod install' or update your CocoaPods installation.\" >&2\n    exit 1\nfi\n";
			showEnvVarsInLog = 0;
		};
		586F7DAB75C83BC5D0D62A85 /* [CP] Embed Pods Frameworks */ = {
			isa = PBXShellScriptBuildPhase;
			buildActionMask = 2147483647;
			files = (
			);
			inputPaths = (
			);
			name = "[CP] Embed Pods Frameworks";
			outputPaths = (
			);
			runOnlyForDeploymentPostprocessing = 0;
			shellPath = /bin/sh;
			shellScript = "\"${SRCROOT}/Pods/Target Support Files/Pods-Autism-Tracker/Pods-Autism-Tracker-frameworks.sh\"\n";
			showEnvVarsInLog = 0;
		};
		E4CD7E84D91F89595AB67A84 /* [CP] Copy Pods Resources */ = {
			isa = PBXShellScriptBuildPhase;
			buildActionMask = 2147483647;
			files = (
			);
			inputPaths = (
			);
			name = "[CP] Copy Pods Resources";
			outputPaths = (
			);
			runOnlyForDeploymentPostprocessing = 0;
			shellPath = /bin/sh;
			shellScript = "\"${SRCROOT}/Pods/Target Support Files/Pods-Autism-Tracker/Pods-Autism-Tracker-resources.sh\"\n";
			showEnvVarsInLog = 0;
		};
/* End PBXShellScriptBuildPhase section */

/* Begin PBXSourcesBuildPhase section */
		094355EF1E581D5800C252F4 /* Sources */ = {
			isa = PBXSourcesBuildPhase;
			buildActionMask = 2147483647;
			files = (
				016A72F81E58D99D00AF046D /* CareGiverNewNoteViewController.swift in Sources */,
				016A72FA1E58DA3900AF046D /* CareGiverNoteViewController.swift in Sources */,
				01D461231E581E6A00C25DC4 /* Provider.swift in Sources */,
				01E33EDD1E5862B700DA2C7D /* NoteTableViewCell.swift in Sources */,
				09BE52E41E585A2F00A7C6A6 /* NotesViewController.swift in Sources */,
				018FAE301E5848DC0049F5E2 /* JSONKeys.swift in Sources */,
				016A72FC1E58DF4700AF046D /* UIColor+Utilities.swift in Sources */,
				093E6DA61E591A8E003F7C2E /* UpdateStatusTVC.swift in Sources */,
				0943560A1E58264D00C252F4 /* NewNoteViewController.swift in Sources */,
				01E33EE21E58659B00DA2C7D /* UIView+Utilities.swift in Sources */,
				094355F91E581D5800C252F4 /* UpdateChildStatusView.swift in Sources */,
				01D461201E581E0E00C25DC4 /* Router.swift in Sources */,
				013144071E58D7A00021720D /* CareGiverNotesViewController.swift in Sources */,
				01D461261E581EA200C25DC4 /* NoteService.swift in Sources */,
				018FAE2E1E5820FC0049F5E2 /* Note.swift in Sources */,
				0943560D1E582BB400C252F4 /* PhotoHelper.swift in Sources */,
				094355F71E581D5800C252F4 /* AppDelegate.swift in Sources */,
			);
			runOnlyForDeploymentPostprocessing = 0;
		};
/* End PBXSourcesBuildPhase section */

/* Begin PBXVariantGroup section */
		013143FD1E58D5340021720D /* Child.storyboard */ = {
			isa = PBXVariantGroup;
			children = (
				013143FE1E58D5340021720D /* Base */,
			);
			name = Child.storyboard;
			sourceTree = "<group>";
		};
		013144021E58D61E0021720D /* Therapist.storyboard */ = {
			isa = PBXVariantGroup;
			children = (
				013144031E58D61E0021720D /* Base */,
			);
			name = Therapist.storyboard;
			sourceTree = "<group>";
		};
		094355FA1E581D5800C252F4 /* Main.storyboard */ = {
			isa = PBXVariantGroup;
			children = (
				094355FB1E581D5800C252F4 /* Base */,
			);
			name = Main.storyboard;
			sourceTree = "<group>";
		};
		094355FF1E581D5800C252F4 /* LaunchScreen.storyboard */ = {
			isa = PBXVariantGroup;
			children = (
				094356001E581D5800C252F4 /* Base */,
			);
			name = LaunchScreen.storyboard;
			sourceTree = "<group>";
		};
/* End PBXVariantGroup section */

/* Begin XCBuildConfiguration section */
		094356031E581D5800C252F4 /* Debug */ = {
			isa = XCBuildConfiguration;
			buildSettings = {
				ALWAYS_SEARCH_USER_PATHS = NO;
				CLANG_ANALYZER_NONNULL = YES;
				CLANG_CXX_LANGUAGE_STANDARD = "gnu++0x";
				CLANG_CXX_LIBRARY = "libc++";
				CLANG_ENABLE_MODULES = YES;
				CLANG_ENABLE_OBJC_ARC = YES;
				CLANG_WARN_BOOL_CONVERSION = YES;
				CLANG_WARN_CONSTANT_CONVERSION = YES;
				CLANG_WARN_DIRECT_OBJC_ISA_USAGE = YES_ERROR;
				CLANG_WARN_DOCUMENTATION_COMMENTS = YES;
				CLANG_WARN_EMPTY_BODY = YES;
				CLANG_WARN_ENUM_CONVERSION = YES;
				CLANG_WARN_INFINITE_RECURSION = YES;
				CLANG_WARN_INT_CONVERSION = YES;
				CLANG_WARN_OBJC_ROOT_CLASS = YES_ERROR;
				CLANG_WARN_SUSPICIOUS_MOVE = YES;
				CLANG_WARN_UNREACHABLE_CODE = YES;
				CLANG_WARN__DUPLICATE_METHOD_MATCH = YES;
				"CODE_SIGN_IDENTITY[sdk=iphoneos*]" = "iPhone Developer";
				COPY_PHASE_STRIP = NO;
				DEBUG_INFORMATION_FORMAT = dwarf;
				ENABLE_STRICT_OBJC_MSGSEND = YES;
				ENABLE_TESTABILITY = YES;
				GCC_C_LANGUAGE_STANDARD = gnu99;
				GCC_DYNAMIC_NO_PIC = NO;
				GCC_NO_COMMON_BLOCKS = YES;
				GCC_OPTIMIZATION_LEVEL = 0;
				GCC_PREPROCESSOR_DEFINITIONS = (
					"DEBUG=1",
					"$(inherited)",
				);
				GCC_WARN_64_TO_32_BIT_CONVERSION = YES;
				GCC_WARN_ABOUT_RETURN_TYPE = YES_ERROR;
				GCC_WARN_UNDECLARED_SELECTOR = YES;
				GCC_WARN_UNINITIALIZED_AUTOS = YES_AGGRESSIVE;
				GCC_WARN_UNUSED_FUNCTION = YES;
				GCC_WARN_UNUSED_VARIABLE = YES;
				IPHONEOS_DEPLOYMENT_TARGET = 10.2;
				MTL_ENABLE_DEBUG_INFO = YES;
				ONLY_ACTIVE_ARCH = YES;
				SDKROOT = iphoneos;
				SWIFT_ACTIVE_COMPILATION_CONDITIONS = DEBUG;
				SWIFT_OPTIMIZATION_LEVEL = "-Onone";
			};
			name = Debug;
		};
		094356041E581D5800C252F4 /* Release */ = {
			isa = XCBuildConfiguration;
			buildSettings = {
				ALWAYS_SEARCH_USER_PATHS = NO;
				CLANG_ANALYZER_NONNULL = YES;
				CLANG_CXX_LANGUAGE_STANDARD = "gnu++0x";
				CLANG_CXX_LIBRARY = "libc++";
				CLANG_ENABLE_MODULES = YES;
				CLANG_ENABLE_OBJC_ARC = YES;
				CLANG_WARN_BOOL_CONVERSION = YES;
				CLANG_WARN_CONSTANT_CONVERSION = YES;
				CLANG_WARN_DIRECT_OBJC_ISA_USAGE = YES_ERROR;
				CLANG_WARN_DOCUMENTATION_COMMENTS = YES;
				CLANG_WARN_EMPTY_BODY = YES;
				CLANG_WARN_ENUM_CONVERSION = YES;
				CLANG_WARN_INFINITE_RECURSION = YES;
				CLANG_WARN_INT_CONVERSION = YES;
				CLANG_WARN_OBJC_ROOT_CLASS = YES_ERROR;
				CLANG_WARN_SUSPICIOUS_MOVE = YES;
				CLANG_WARN_UNREACHABLE_CODE = YES;
				CLANG_WARN__DUPLICATE_METHOD_MATCH = YES;
				"CODE_SIGN_IDENTITY[sdk=iphoneos*]" = "iPhone Developer";
				COPY_PHASE_STRIP = NO;
				DEBUG_INFORMATION_FORMAT = "dwarf-with-dsym";
				ENABLE_NS_ASSERTIONS = NO;
				ENABLE_STRICT_OBJC_MSGSEND = YES;
				GCC_C_LANGUAGE_STANDARD = gnu99;
				GCC_NO_COMMON_BLOCKS = YES;
				GCC_WARN_64_TO_32_BIT_CONVERSION = YES;
				GCC_WARN_ABOUT_RETURN_TYPE = YES_ERROR;
				GCC_WARN_UNDECLARED_SELECTOR = YES;
				GCC_WARN_UNINITIALIZED_AUTOS = YES_AGGRESSIVE;
				GCC_WARN_UNUSED_FUNCTION = YES;
				GCC_WARN_UNUSED_VARIABLE = YES;
				IPHONEOS_DEPLOYMENT_TARGET = 10.2;
				MTL_ENABLE_DEBUG_INFO = NO;
				SDKROOT = iphoneos;
				SWIFT_OPTIMIZATION_LEVEL = "-Owholemodule";
				VALIDATE_PRODUCT = YES;
			};
			name = Release;
		};
		094356061E581D5800C252F4 /* Debug */ = {
			isa = XCBuildConfiguration;
			baseConfigurationReference = 4F2586110B3851C22E62261F /* Pods-Autism-Tracker.debug.xcconfig */;
			buildSettings = {
				ASSETCATALOG_COMPILER_APPICON_NAME = AppIcon;
				DEVELOPMENT_TEAM = 44VHEK9HHH;
				INFOPLIST_FILE = "Autism-Tracker/Info.plist";
				LD_RUNPATH_SEARCH_PATHS = "$(inherited) @executable_path/Frameworks";
				PRODUCT_BUNDLE_IDENTIFIER = "com.tawpy.Autism-Tracker";
				PRODUCT_NAME = "$(TARGET_NAME)";
				SWIFT_VERSION = 3.0;
			};
			name = Debug;
		};
		094356071E581D5800C252F4 /* Release */ = {
			isa = XCBuildConfiguration;
			baseConfigurationReference = A3CDC8437534C6C0083A680D /* Pods-Autism-Tracker.release.xcconfig */;
			buildSettings = {
				ASSETCATALOG_COMPILER_APPICON_NAME = AppIcon;
				DEVELOPMENT_TEAM = 44VHEK9HHH;
				INFOPLIST_FILE = "Autism-Tracker/Info.plist";
				LD_RUNPATH_SEARCH_PATHS = "$(inherited) @executable_path/Frameworks";
				PRODUCT_BUNDLE_IDENTIFIER = "com.tawpy.Autism-Tracker";
				PRODUCT_NAME = "$(TARGET_NAME)";
				SWIFT_VERSION = 3.0;
			};
			name = Release;
		};
/* End XCBuildConfiguration section */

/* Begin XCConfigurationList section */
		094355EE1E581D5800C252F4 /* Build configuration list for PBXProject "Autism-Tracker" */ = {
			isa = XCConfigurationList;
			buildConfigurations = (
				094356031E581D5800C252F4 /* Debug */,
				094356041E581D5800C252F4 /* Release */,
			);
			defaultConfigurationIsVisible = 0;
			defaultConfigurationName = Release;
		};
		094356051E581D5800C252F4 /* Build configuration list for PBXNativeTarget "Autism-Tracker" */ = {
			isa = XCConfigurationList;
			buildConfigurations = (
				094356061E581D5800C252F4 /* Debug */,
				094356071E581D5800C252F4 /* Release */,
			);
			defaultConfigurationIsVisible = 0;
			defaultConfigurationName = Release;
		};
/* End XCConfigurationList section */
	};
	rootObject = 094355EB1E581D5800C252F4 /* Project object */;
}
